
Microsoft Visual Studio Solution File, Format Version 12.00
# Visual Studio Version 17
VisualStudioVersion = 17.3.32819.101
MinimumVisualStudioVersion = 10.0.40219.1
Project("{FAE04EC0-301F-11D3-BF4B-00C04F79EFBC}") = "TextSplitterApp", "TextSplitterApp\TextSplitterApp.csproj", "{DB6DC230-3E08-4636-81B0-57A53E97ADFE}"
EndProject
Global
	GlobalSection(SolutionConfigurationPlatforms) = preSolution
		Debug|Any CPU = Debug|Any CPU
		Release|Any CPU = Release|Any CPU
	EndGlobalSection
	GlobalSection(ProjectConfigurationPlatforms) = postSolution
		{DB6DC230-3E08-4636-81B0-57A53E97ADFE}.Debug|Any CPU.ActiveCfg = Debug|Any CPU
		{DB6DC230-3E08-4636-81B0-57A53E97ADFE}.Debug|Any CPU.Build.0 = Debug|Any CPU
		{DB6DC230-3E08-4636-81B0-57A53E97ADFE}.Release|Any CPU.ActiveCfg = Release|Any CPU
		{DB6DC230-3E08-4636-81B0-57A53E97ADFE}.Release|Any CPU.Build.0 = Release|Any CPU
	EndGlobalSection
	GlobalSection(SolutionProperties) = preSolution
		HideSolutionNode = FALSE
	EndGlobalSection
	GlobalSection(ExtensibilityGlobals) = postSolution
		SolutionGuid = {86C02AA3-5F29-4E4D-B883-674911AFFFC5}
	EndGlobalSection
EndGlobal
