
Microsoft Visual Studio Solution File, Format Version 12.00
# Visual Studio Version 17
VisualStudioVersion = 17.3.32819.101
MinimumVisualStudioVersion = 10.0.40219.1
Project("{FAE04EC0-301F-11D3-BF4B-00C04F79EFBC}") = "MVC-Intro", "MVC-Intro\MVC-Intro.csproj", "{D14EC5D1-E719-43FD-93E3-DD1D4C60A47B}"
EndProject
Global
	GlobalSection(SolutionConfigurationPlatforms) = preSolution
		Debug|Any CPU = Debug|Any CPU
		Release|Any CPU = Release|Any CPU
	EndGlobalSection
	GlobalSection(ProjectConfigurationPlatforms) = postSolution
		{D14EC5D1-E719-43FD-93E3-DD1D4C60A47B}.Debug|Any CPU.ActiveCfg = Debug|Any CPU
		{D14EC5D1-E719-43FD-93E3-DD1D4C60A47B}.Debug|Any CPU.Build.0 = Debug|Any CPU
		{D14EC5D1-E719-43FD-93E3-DD1D4C60A47B}.Release|Any CPU.ActiveCfg = Release|Any CPU
		{D14EC5D1-E719-43FD-93E3-DD1D4C60A47B}.Release|Any CPU.Build.0 = Release|Any CPU
	EndGlobalSection
	GlobalSection(SolutionProperties) = preSolution
		HideSolutionNode = FALSE
	EndGlobalSection
	GlobalSection(ExtensibilityGlobals) = postSolution
		SolutionGuid = {D7CE6378-2E4E-4273-8C4D-1915EE27D1F3}
	EndGlobalSection
EndGlobal
